
Microsoft Visual Studio Solution File, Format Version 12.00
# Visual Studio Version 17
VisualStudioVersion = 17.4.33403.182
MinimumVisualStudioVersion = 10.0.40219.1
Project("{9A19103F-16F7-4668-BE54-9A1E7A4F7556}") = "DynamicBandwidthManager", "DynamicBandwidthManager\DynamicBandwidthManager.csproj", "{260A46CC-80AE-4751-A239-909F6C652D24}"
EndProject
Project("{9A19103F-16F7-4668-BE54-9A1E7A4F7556}") = "DynamicBandwidthCommon", "DynamicBandwidthCommon\DynamicBandwidthCommon.csproj", "{1A60A3A5-E67E-417F-95F0-756E5A5DD19C}"
EndProject
Project("{9A19103F-16F7-4668-BE54-9A1E7A4F7556}") = "DataHandlerBL", "DataHandlerBL\DataHandlerBL.csproj", "{A2926538-579F-41F9-87FC-330FE68CEA31}"
EndProject
Project("{FAE04EC0-301F-11D3-BF4B-00C04F79EFBC}") = "DataHandlerApp", "DataHandlerApp\DataHandlerApp.csproj", "{33AD3357-68A6-49BD-8201-BC9A3995868F}"
EndProject
Project("{FAE04EC0-301F-11D3-BF4B-00C04F79EFBC}") = "Injector", "Injector\Injector.csproj", "{E80742C4-7784-4A68-B0BB-C23EBC10FC16}"
EndProject
Global
	GlobalSection(SolutionConfigurationPlatforms) = preSolution
		Debug|Any CPU = Debug|Any CPU
		Release|Any CPU = Release|Any CPU
	EndGlobalSection
	GlobalSection(ProjectConfigurationPlatforms) = postSolution
		{260A46CC-80AE-4751-A239-909F6C652D24}.Debug|Any CPU.ActiveCfg = Debug|Any CPU
		{260A46CC-80AE-4751-A239-909F6C652D24}.Debug|Any CPU.Build.0 = Debug|Any CPU
		{260A46CC-80AE-4751-A239-909F6C652D24}.Release|Any CPU.ActiveCfg = Release|Any CPU
		{260A46CC-80AE-4751-A239-909F6C652D24}.Release|Any CPU.Build.0 = Release|Any CPU
		{1A60A3A5-E67E-417F-95F0-756E5A5DD19C}.Debug|Any CPU.ActiveCfg = Debug|Any CPU
		{1A60A3A5-E67E-417F-95F0-756E5A5DD19C}.Debug|Any CPU.Build.0 = Debug|Any CPU
		{1A60A3A5-E67E-417F-95F0-756E5A5DD19C}.Release|Any CPU.ActiveCfg = Release|Any CPU
		{1A60A3A5-E67E-417F-95F0-756E5A5DD19C}.Release|Any CPU.Build.0 = Release|Any CPU
		{A2926538-579F-41F9-87FC-330FE68CEA31}.Debug|Any CPU.ActiveCfg = Debug|Any CPU
		{A2926538-579F-41F9-87FC-330FE68CEA31}.Debug|Any CPU.Build.0 = Debug|Any CPU
		{A2926538-579F-41F9-87FC-330FE68CEA31}.Release|Any CPU.ActiveCfg = Release|Any CPU
		{A2926538-579F-41F9-87FC-330FE68CEA31}.Release|Any CPU.Build.0 = Release|Any CPU
		{33AD3357-68A6-49BD-8201-BC9A3995868F}.Debug|Any CPU.ActiveCfg = Debug|Any CPU
		{33AD3357-68A6-49BD-8201-BC9A3995868F}.Debug|Any CPU.Build.0 = Debug|Any CPU
		{33AD3357-68A6-49BD-8201-BC9A3995868F}.Release|Any CPU.ActiveCfg = Release|Any CPU
		{33AD3357-68A6-49BD-8201-BC9A3995868F}.Release|Any CPU.Build.0 = Release|Any CPU
		{E80742C4-7784-4A68-B0BB-C23EBC10FC16}.Debug|Any CPU.ActiveCfg = Debug|Any CPU
		{E80742C4-7784-4A68-B0BB-C23EBC10FC16}.Debug|Any CPU.Build.0 = Debug|Any CPU
		{E80742C4-7784-4A68-B0BB-C23EBC10FC16}.Release|Any CPU.ActiveCfg = Release|Any CPU
		{E80742C4-7784-4A68-B0BB-C23EBC10FC16}.Release|Any CPU.Build.0 = Release|Any CPU
	EndGlobalSection
	GlobalSection(SolutionProperties) = preSolution
		HideSolutionNode = FALSE
	EndGlobalSection
	GlobalSection(ExtensibilityGlobals) = postSolution
		SolutionGuid = {25B523B3-C9A9-4491-ABEB-452162DCC2DF}
	EndGlobalSection
EndGlobal
