
Microsoft Visual Studio Solution File, Format Version 12.00
# Visual Studio Version 17
VisualStudioVersion = 17.4.33403.182
MinimumVisualStudioVersion = 10.0.40219.1
Project("{9A19103F-16F7-4668-BE54-9A1E7A4F7556}") = "DynamicBandwidthManager", "DynamicBandwidthManager\DynamicBandwidthManager.csproj", "{260A46CC-80AE-4751-A239-909F6C652D24}"
EndProject
Project("{9A19103F-16F7-4668-BE54-9A1E7A4F7556}") = "DynamicBandwidthCommon", "DynamicBandwidthCommon\DynamicBandwidthCommon.csproj", "{1A60A3A5-E67E-417F-95F0-756E5A5DD19C}"
EndProject
Project("{9A19103F-16F7-4668-BE54-9A1E7A4F7556}") = "DataHandlerBL", "DataHandlerBL\DataHandlerBL.csproj", "{A2926538-579F-41F9-87FC-330FE68CEA31}"
EndProject
Project("{9A19103F-16F7-4668-BE54-9A1E7A4F7556}") = "DynamicBandwidthSender", "DynamicBandwidthSender\DynamicBandwidthSender.csproj", "{5CF4FE98-9220-41BA-B1C6-43BEB2D0FD95}"
EndProject
Project("{9A19103F-16F7-4668-BE54-9A1E7A4F7556}") = "Injector", "Injector\Injector.csproj", "{424B1A8C-F1FB-4338-9523-342EA2F9FBCF}"
EndProject
Project("{9A19103F-16F7-4668-BE54-9A1E7A4F7556}") = "DataHandlerApp", "DataHandlerApp\DataHandlerApp.csproj", "{BF9CD6F1-41A3-455A-AB71-0BD6253D87A1}"
EndProject
Project("{FAE04EC0-301F-11D3-BF4B-00C04F79EFBC}") = "DynamicBandwidthDataHandler", "DynamicBandwidthDataHandler\DynamicBandwidthDataHandler.csproj", "{0061D883-CBEB-4C34-A03E-86F6F9A60A5E}"
EndProject
Global
	GlobalSection(SolutionConfigurationPlatforms) = preSolution
		Debug|Any CPU = Debug|Any CPU
		Release|Any CPU = Release|Any CPU
	EndGlobalSection
	GlobalSection(ProjectConfigurationPlatforms) = postSolution
		{260A46CC-80AE-4751-A239-909F6C652D24}.Debug|Any CPU.ActiveCfg = Debug|Any CPU
		{260A46CC-80AE-4751-A239-909F6C652D24}.Debug|Any CPU.Build.0 = Debug|Any CPU
		{260A46CC-80AE-4751-A239-909F6C652D24}.Release|Any CPU.ActiveCfg = Release|Any CPU
		{260A46CC-80AE-4751-A239-909F6C652D24}.Release|Any CPU.Build.0 = Release|Any CPU
		{1A60A3A5-E67E-417F-95F0-756E5A5DD19C}.Debug|Any CPU.ActiveCfg = Debug|Any CPU
		{1A60A3A5-E67E-417F-95F0-756E5A5DD19C}.Debug|Any CPU.Build.0 = Debug|Any CPU
		{1A60A3A5-E67E-417F-95F0-756E5A5DD19C}.Release|Any CPU.ActiveCfg = Release|Any CPU
		{1A60A3A5-E67E-417F-95F0-756E5A5DD19C}.Release|Any CPU.Build.0 = Release|Any CPU
		{A2926538-579F-41F9-87FC-330FE68CEA31}.Debug|Any CPU.ActiveCfg = Debug|Any CPU
		{A2926538-579F-41F9-87FC-330FE68CEA31}.Debug|Any CPU.Build.0 = Debug|Any CPU
		{A2926538-579F-41F9-87FC-330FE68CEA31}.Release|Any CPU.ActiveCfg = Release|Any CPU
		{A2926538-579F-41F9-87FC-330FE68CEA31}.Release|Any CPU.Build.0 = Release|Any CPU
		{5CF4FE98-9220-41BA-B1C6-43BEB2D0FD95}.Debug|Any CPU.ActiveCfg = Debug|Any CPU
		{5CF4FE98-9220-41BA-B1C6-43BEB2D0FD95}.Debug|Any CPU.Build.0 = Debug|Any CPU
		{5CF4FE98-9220-41BA-B1C6-43BEB2D0FD95}.Release|Any CPU.ActiveCfg = Release|Any CPU
		{5CF4FE98-9220-41BA-B1C6-43BEB2D0FD95}.Release|Any CPU.Build.0 = Release|Any CPU
		{424B1A8C-F1FB-4338-9523-342EA2F9FBCF}.Debug|Any CPU.ActiveCfg = Debug|Any CPU
		{424B1A8C-F1FB-4338-9523-342EA2F9FBCF}.Debug|Any CPU.Build.0 = Debug|Any CPU
		{424B1A8C-F1FB-4338-9523-342EA2F9FBCF}.Release|Any CPU.ActiveCfg = Release|Any CPU
		{424B1A8C-F1FB-4338-9523-342EA2F9FBCF}.Release|Any CPU.Build.0 = Release|Any CPU
		{BF9CD6F1-41A3-455A-AB71-0BD6253D87A1}.Debug|Any CPU.ActiveCfg = Debug|Any CPU
		{BF9CD6F1-41A3-455A-AB71-0BD6253D87A1}.Debug|Any CPU.Build.0 = Debug|Any CPU
		{BF9CD6F1-41A3-455A-AB71-0BD6253D87A1}.Release|Any CPU.ActiveCfg = Release|Any CPU
		{BF9CD6F1-41A3-455A-AB71-0BD6253D87A1}.Release|Any CPU.Build.0 = Release|Any CPU
		{0061D883-CBEB-4C34-A03E-86F6F9A60A5E}.Debug|Any CPU.ActiveCfg = Debug|Any CPU
		{0061D883-CBEB-4C34-A03E-86F6F9A60A5E}.Debug|Any CPU.Build.0 = Debug|Any CPU
		{0061D883-CBEB-4C34-A03E-86F6F9A60A5E}.Release|Any CPU.ActiveCfg = Release|Any CPU
		{0061D883-CBEB-4C34-A03E-86F6F9A60A5E}.Release|Any CPU.Build.0 = Release|Any CPU
	EndGlobalSection
	GlobalSection(SolutionProperties) = preSolution
		HideSolutionNode = FALSE
	EndGlobalSection
	GlobalSection(ExtensibilityGlobals) = postSolution
		SolutionGuid = {25B523B3-C9A9-4491-ABEB-452162DCC2DF}
	EndGlobalSection
EndGlobal
